
Microsoft Visual Studio Solution File, Format Version 12.00
# Visual Studio Version 16
VisualStudioVersion = 16.0.31624.102
MinimumVisualStudioVersion = 10.0.40219.1
Project("{FAE04EC0-301F-11D3-BF4B-00C04F79EFBC}") = "WorkWithAmt", "WorkWithAmt\WorkWithAmt.csproj", "{6982FE71-66C8-4480-8FD9-1BBCE3BB5960}"
EndProject
Global
	GlobalSection(SolutionConfigurationPlatforms) = preSolution
		Debug|Any CPU = Debug|Any CPU
		Release|Any CPU = Release|Any CPU
	EndGlobalSection
	GlobalSection(ProjectConfigurationPlatforms) = postSolution
		{6982FE71-66C8-4480-8FD9-1BBCE3BB5960}.Debug|Any CPU.ActiveCfg = Debug|Any CPU
		{6982FE71-66C8-4480-8FD9-1BBCE3BB5960}.Debug|Any CPU.Build.0 = Debug|Any CPU
		{6982FE71-66C8-4480-8FD9-1BBCE3BB5960}.Release|Any CPU.ActiveCfg = Release|Any CPU
		{6982FE71-66C8-4480-8FD9-1BBCE3BB5960}.Release|Any CPU.Build.0 = Release|Any CPU
	EndGlobalSection
	GlobalSection(SolutionProperties) = preSolution
		HideSolutionNode = FALSE
	EndGlobalSection
	GlobalSection(ExtensibilityGlobals) = postSolution
		SolutionGuid = {613A8C9B-F88E-4B35-B9E9-A002A0DEE6CB}
	EndGlobalSection
EndGlobal
