
Microsoft Visual Studio Solution File, Format Version 12.00
# Visual Studio Version 16
VisualStudioVersion = 16.0.31729.503
MinimumVisualStudioVersion = 10.0.40219.1
Project("{FAE04EC0-301F-11D3-BF4B-00C04F79EFBC}") = "TikTaks", "TikTaks\TikTaks.csproj", "{C0AD29C3-C39E-4245-8AB0-018AB8E19885}"
EndProject
Global
	GlobalSection(SolutionConfigurationPlatforms) = preSolution
		Debug|Any CPU = Debug|Any CPU
		Release|Any CPU = Release|Any CPU
	EndGlobalSection
	GlobalSection(ProjectConfigurationPlatforms) = postSolution
		{C0AD29C3-C39E-4245-8AB0-018AB8E19885}.Debug|Any CPU.ActiveCfg = Debug|Any CPU
		{C0AD29C3-C39E-4245-8AB0-018AB8E19885}.Debug|Any CPU.Build.0 = Debug|Any CPU
		{C0AD29C3-C39E-4245-8AB0-018AB8E19885}.Release|Any CPU.ActiveCfg = Release|Any CPU
		{C0AD29C3-C39E-4245-8AB0-018AB8E19885}.Release|Any CPU.Build.0 = Release|Any CPU
	EndGlobalSection
	GlobalSection(SolutionProperties) = preSolution
		HideSolutionNode = FALSE
	EndGlobalSection
	GlobalSection(ExtensibilityGlobals) = postSolution
		SolutionGuid = {14180290-6075-4D9C-9BD3-ADEB4833C372}
	EndGlobalSection
EndGlobal
