
Microsoft Visual Studio Solution File, Format Version 12.00
# Visual Studio Version 16
VisualStudioVersion = 16.0.31624.102
MinimumVisualStudioVersion = 10.0.40219.1
Project("{9A19103F-16F7-4668-BE54-9A1E7A4F7556}") = "ClassLib", "ClassLib\ClassLib.csproj", "{D03E97F2-9D54-45E4-A9CE-08064BEE2EB1}"
EndProject
Project("{9A19103F-16F7-4668-BE54-9A1E7A4F7556}") = "SerializationPC", "SrializePC\SerializationPC.csproj", "{1F4B3D10-EE63-41B8-BF87-4BD6A3BD7864}"
EndProject
Project("{FAE04EC0-301F-11D3-BF4B-00C04F79EFBC}") = "DeserializationPC", "DeserializationPC\DeserializationPC.csproj", "{9A48AE5D-CEB9-40D7-BCC4-B83A5146D1F9}"
EndProject
Global
	GlobalSection(SolutionConfigurationPlatforms) = preSolution
		Debug|Any CPU = Debug|Any CPU
		Release|Any CPU = Release|Any CPU
	EndGlobalSection
	GlobalSection(ProjectConfigurationPlatforms) = postSolution
		{D03E97F2-9D54-45E4-A9CE-08064BEE2EB1}.Debug|Any CPU.ActiveCfg = Debug|Any CPU
		{D03E97F2-9D54-45E4-A9CE-08064BEE2EB1}.Debug|Any CPU.Build.0 = Debug|Any CPU
		{D03E97F2-9D54-45E4-A9CE-08064BEE2EB1}.Release|Any CPU.ActiveCfg = Release|Any CPU
		{D03E97F2-9D54-45E4-A9CE-08064BEE2EB1}.Release|Any CPU.Build.0 = Release|Any CPU
		{1F4B3D10-EE63-41B8-BF87-4BD6A3BD7864}.Debug|Any CPU.ActiveCfg = Debug|Any CPU
		{1F4B3D10-EE63-41B8-BF87-4BD6A3BD7864}.Debug|Any CPU.Build.0 = Debug|Any CPU
		{1F4B3D10-EE63-41B8-BF87-4BD6A3BD7864}.Release|Any CPU.ActiveCfg = Release|Any CPU
		{1F4B3D10-EE63-41B8-BF87-4BD6A3BD7864}.Release|Any CPU.Build.0 = Release|Any CPU
		{9A48AE5D-CEB9-40D7-BCC4-B83A5146D1F9}.Debug|Any CPU.ActiveCfg = Debug|Any CPU
		{9A48AE5D-CEB9-40D7-BCC4-B83A5146D1F9}.Debug|Any CPU.Build.0 = Debug|Any CPU
		{9A48AE5D-CEB9-40D7-BCC4-B83A5146D1F9}.Release|Any CPU.ActiveCfg = Release|Any CPU
		{9A48AE5D-CEB9-40D7-BCC4-B83A5146D1F9}.Release|Any CPU.Build.0 = Release|Any CPU
	EndGlobalSection
	GlobalSection(SolutionProperties) = preSolution
		HideSolutionNode = FALSE
	EndGlobalSection
	GlobalSection(ExtensibilityGlobals) = postSolution
		SolutionGuid = {ED4B887D-FDD5-425C-8F7A-1DAC86BB4824}
	EndGlobalSection
EndGlobal
