
Microsoft Visual Studio Solution File, Format Version 12.00
# Visual Studio Version 16
VisualStudioVersion = 16.0.31729.503
MinimumVisualStudioVersion = 10.0.40219.1
Project("{FAE04EC0-301F-11D3-BF4B-00C04F79EFBC}") = "PersonInfoWPF", "PersonInfoWPF\PersonInfoWPF.csproj", "{420A7BF2-5D73-4B89-B943-CEEAC4E861A0}"
EndProject
Global
	GlobalSection(SolutionConfigurationPlatforms) = preSolution
		Debug|Any CPU = Debug|Any CPU
		Release|Any CPU = Release|Any CPU
	EndGlobalSection
	GlobalSection(ProjectConfigurationPlatforms) = postSolution
		{420A7BF2-5D73-4B89-B943-CEEAC4E861A0}.Debug|Any CPU.ActiveCfg = Debug|Any CPU
		{420A7BF2-5D73-4B89-B943-CEEAC4E861A0}.Debug|Any CPU.Build.0 = Debug|Any CPU
		{420A7BF2-5D73-4B89-B943-CEEAC4E861A0}.Release|Any CPU.ActiveCfg = Release|Any CPU
		{420A7BF2-5D73-4B89-B943-CEEAC4E861A0}.Release|Any CPU.Build.0 = Release|Any CPU
	EndGlobalSection
	GlobalSection(SolutionProperties) = preSolution
		HideSolutionNode = FALSE
	EndGlobalSection
	GlobalSection(ExtensibilityGlobals) = postSolution
		SolutionGuid = {D51AA00B-B515-4CF4-81E4-3909509E4F64}
	EndGlobalSection
EndGlobal
