
Microsoft Visual Studio Solution File, Format Version 12.00
# Visual Studio Version 17
VisualStudioVersion = 17.0.31903.59
MinimumVisualStudioVersion = 10.0.40219.1
Project("{FAE04EC0-301F-11D3-BF4B-00C04F79EFBC}") = "FontSettings", "FontSettings\FontSettings.csproj", "{1B9D0BA8-034B-4A8F-BB84-E1035B003D0B}"
EndProject
Global
	GlobalSection(SolutionConfigurationPlatforms) = preSolution
		Debug|Any CPU = Debug|Any CPU
		Release|Any CPU = Release|Any CPU
	EndGlobalSection
	GlobalSection(ProjectConfigurationPlatforms) = postSolution
		{1B9D0BA8-034B-4A8F-BB84-E1035B003D0B}.Debug|Any CPU.ActiveCfg = Debug|Any CPU
		{1B9D0BA8-034B-4A8F-BB84-E1035B003D0B}.Debug|Any CPU.Build.0 = Debug|Any CPU
		{1B9D0BA8-034B-4A8F-BB84-E1035B003D0B}.Release|Any CPU.ActiveCfg = Release|Any CPU
		{1B9D0BA8-034B-4A8F-BB84-E1035B003D0B}.Release|Any CPU.Build.0 = Release|Any CPU
	EndGlobalSection
	GlobalSection(SolutionProperties) = preSolution
		HideSolutionNode = FALSE
	EndGlobalSection
	GlobalSection(ExtensibilityGlobals) = postSolution
		SolutionGuid = {47B40A9A-58D8-4D96-B633-5E2E5D1AC8AF}
	EndGlobalSection
EndGlobal
