
Microsoft Visual Studio Solution File, Format Version 12.00
# Visual Studio Version 17
VisualStudioVersion = 17.0.31903.59
MinimumVisualStudioVersion = 10.0.40219.1
Project("{FAE04EC0-301F-11D3-BF4B-00C04F79EFBC}") = "BooK", "BooK\BooK.csproj", "{7F555B33-DE11-4AF3-A625-DCBD22D21EB0}"
EndProject
Global
	GlobalSection(SolutionConfigurationPlatforms) = preSolution
		Debug|Any CPU = Debug|Any CPU
		Release|Any CPU = Release|Any CPU
	EndGlobalSection
	GlobalSection(ProjectConfigurationPlatforms) = postSolution
		{7F555B33-DE11-4AF3-A625-DCBD22D21EB0}.Debug|Any CPU.ActiveCfg = Debug|Any CPU
		{7F555B33-DE11-4AF3-A625-DCBD22D21EB0}.Debug|Any CPU.Build.0 = Debug|Any CPU
		{7F555B33-DE11-4AF3-A625-DCBD22D21EB0}.Release|Any CPU.ActiveCfg = Release|Any CPU
		{7F555B33-DE11-4AF3-A625-DCBD22D21EB0}.Release|Any CPU.Build.0 = Release|Any CPU
	EndGlobalSection
	GlobalSection(SolutionProperties) = preSolution
		HideSolutionNode = FALSE
	EndGlobalSection
	GlobalSection(ExtensibilityGlobals) = postSolution
		SolutionGuid = {B3D2C633-B64B-4DAE-8186-F78C3B5DA8B3}
	EndGlobalSection
EndGlobal
